
Microsoft Visual Studio Solution File, Format Version 12.00
# Visual Studio Version 17
VisualStudioVersion = 17.2.32630.192
MinimumVisualStudioVersion = 10.0.40219.1
Project("{8BC9CEB8-8B4A-11D0-8D11-00A0C91BC942}") = "w10", "w10.vcxproj", "{8B4A072A-CF89-45B0-B43F-3AF08AFA9019}"
EndProject
Global
	GlobalSection(SolutionConfigurationPlatforms) = preSolution
		Debug|x64 = Debug|x64
		Debug|x86 = Debug|x86
		Release|x64 = Release|x64
		Release|x86 = Release|x86
	EndGlobalSection
	GlobalSection(ProjectConfigurationPlatforms) = postSolution
		{8B4A072A-CF89-45B0-B43F-3AF08AFA9019}.Debug|x64.ActiveCfg = Debug|x64
		{8B4A072A-CF89-45B0-B43F-3AF08AFA9019}.Debug|x64.Build.0 = Debug|x64
		{8B4A072A-CF89-45B0-B43F-3AF08AFA9019}.Debug|x86.ActiveCfg = Debug|Win32
		{8B4A072A-CF89-45B0-B43F-3AF08AFA9019}.Debug|x86.Build.0 = Debug|Win32
		{8B4A072A-CF89-45B0-B43F-3AF08AFA9019}.Release|x64.ActiveCfg = Release|x64
		{8B4A072A-CF89-45B0-B43F-3AF08AFA9019}.Release|x64.Build.0 = Release|x64
		{8B4A072A-CF89-45B0-B43F-3AF08AFA9019}.Release|x86.ActiveCfg = Release|Win32
		{8B4A072A-CF89-45B0-B43F-3AF08AFA9019}.Release|x86.Build.0 = Release|Win32
	EndGlobalSection
	GlobalSection(SolutionProperties) = preSolution
		HideSolutionNode = FALSE
	EndGlobalSection
	GlobalSection(ExtensibilityGlobals) = postSolution
		SolutionGuid = {B7093830-CD7F-4FC6-B233-5D2F2C12EB28}
	EndGlobalSection
EndGlobal
